<?xml version="1.0" encoding="utf-8"?>
<Project ToolsVersion="4.0" xmlns="http://schemas.microsoft.com/developer/msbuild/2003">
  <ItemGroup>
    <Filter Include="win32">
      <UniqueIdentifier>{84a8ebd7-7cf0-47f6-b75e-d441df67da40}</UniqueIdentifier>
    </Filter>
    <Filter Include="resource">
      <UniqueIdentifier>{715254bc-d70b-4ec5-bf29-467dd3ace079}</UniqueIdentifier>
    </Filter>
    <Filter Include="src">
      <UniqueIdentifier>{bb6c862e-70e9-49d9-81b7-3829a6f50471}</UniqueIdentifier>
    </Filter>
    <Filter Include="src\configs">
      <UniqueIdentifier>{d58c9479-6db4-449e-9de4-ffb6c28debfe}</UniqueIdentifier>
    </Filter>
    <Filter Include="src\models">
      <UniqueIdentifier>{a28fbb6b-f5aa-4411-a49d-dc935789ac6b}</UniqueIdentifier>
    </Filter>
    <Filter Include="src\views">
      <UniqueIdentifier>{2a3a24f6-9697-4399-913a-5cd4c0314d76}</UniqueIdentifier>
    </Filter>
    <Filter Include="src\controllers">
      <UniqueIdentifier>{1610300b-6ccc-402f-9f74-dc42f3777380}</UniqueIdentifier>
    </Filter>
    <Filter Include="src\managers">
      <UniqueIdentifier>{83efb685-688f-4050-a6af-e40380fccf0c}</UniqueIdentifier>
    </Filter>
    <Filter Include="src\services">
      <UniqueIdentifier>{0434ac3f-fd54-40d1-93e4-6e2e60ed9993}</UniqueIdentifier>
    </Filter>
    <Filter Include="src\utils">
      <UniqueIdentifier>{791f772e-8232-498e-9a39-e3e54c0d908d}</UniqueIdentifier>
    </Filter>
  </ItemGroup>
  <ItemGroup>
    <ClCompile Include="main.cpp">
      <Filter>win32</Filter>
    </ClCompile>
    <ClCompile Include="..\Classes\AppDelegate.cpp">
      <Filter>src</Filter>
    </ClCompile>
    <ClCompile Include="..\Classes\HelloWorldScene.cpp">
      <Filter>src</Filter>
    </ClCompile>
    <ClCompile Include="GameScene.cpp">
      <Filter>src\views</Filter>
    </ClCompile>
    <ClCompile Include="CardModel.cpp">
      <Filter>src\models</Filter>
    </ClCompile>
    <ClCompile Include="UndoModel.cpp">
      <Filter>src\models</Filter>
    </ClCompile>
    <ClCompile Include="LevelManager.cpp">
      <Filter>src\managers</Filter>
    </ClCompile>
    <ClCompile Include="LevelModel.cpp">
      <Filter>src\models</Filter>
    </ClCompile>
    <ClCompile Include="CardView.cpp">
      <Filter>src\views</Filter>
    </ClCompile>
    <ClCompile Include="GameController.cpp">
      <Filter>src\controllers</Filter>
    </ClCompile>
    <ClCompile Include="Judge.cpp">
      <Filter>src\services</Filter>
    </ClCompile>
  </ItemGroup>
  <ItemGroup>
    <ClInclude Include="main.h">
      <Filter>win32</Filter>
    </ClInclude>
    <ClInclude Include="..\Classes\AppDelegate.h">
      <Filter>src</Filter>
    </ClInclude>
    <ClInclude Include="..\Classes\HelloWorldScene.h">
      <Filter>src</Filter>
    </ClInclude>
    <ClInclude Include="GameScene.h">
      <Filter>src\views</Filter>
    </ClInclude>
    <ClInclude Include="CardModel.h">
      <Filter>src\models</Filter>
    </ClInclude>
    <ClInclude Include="UndoModel.h">
      <Filter>src\models</Filter>
    </ClInclude>
    <ClInclude Include="CardConfig.h">
      <Filter>src\configs</Filter>
    </ClInclude>
    <ClInclude Include="LevelManager.h">
      <Filter>src\managers</Filter>
    </ClInclude>
    <ClInclude Include="LevelModel.h">
      <Filter>src\models</Filter>
    </ClInclude>
    <ClInclude Include="CardView.h">
      <Filter>src\views</Filter>
    </ClInclude>
    <ClInclude Include="GameController.h">
      <Filter>src\controllers</Filter>
    </ClInclude>
    <ClInclude Include="Event.h">
      <Filter>src\services</Filter>
    </ClInclude>
    <ClInclude Include="Judge.h">
      <Filter>src\services</Filter>
    </ClInclude>
  </ItemGroup>
  <ItemGroup>
    <ResourceCompile Include="game.rc">
      <Filter>resource</Filter>
    </ResourceCompile>
  </ItemGroup>
  <ItemGroup>
    <None Include="LevelConfig.json">
      <Filter>src\configs</Filter>
    </None>
  </ItemGroup>
</Project>